
Microsoft Visual Studio Solution File, Format Version 12.00
# Visual Studio Version 17
VisualStudioVersion = 17.4.33122.133
MinimumVisualStudioVersion = 10.0.40219.1
Project("{FAE04EC0-301F-11D3-BF4B-00C04F79EFBC}") = "ad_d11", "ad_d11\ad_d11.csproj", "{7B91213C-7D76-4D61-A0B5-1E69DC656FDD}"
EndProject
Global
	GlobalSection(SolutionConfigurationPlatforms) = preSolution
		Debug|Any CPU = Debug|Any CPU
		Release|Any CPU = Release|Any CPU
	EndGlobalSection
	GlobalSection(ProjectConfigurationPlatforms) = postSolution
		{7B91213C-7D76-4D61-A0B5-1E69DC656FDD}.Debug|Any CPU.ActiveCfg = Debug|Any CPU
		{7B91213C-7D76-4D61-A0B5-1E69DC656FDD}.Debug|Any CPU.Build.0 = Debug|Any CPU
		{7B91213C-7D76-4D61-A0B5-1E69DC656FDD}.Release|Any CPU.ActiveCfg = Release|Any CPU
		{7B91213C-7D76-4D61-A0B5-1E69DC656FDD}.Release|Any CPU.Build.0 = Release|Any CPU
	EndGlobalSection
	GlobalSection(SolutionProperties) = preSolution
		HideSolutionNode = FALSE
	EndGlobalSection
	GlobalSection(ExtensibilityGlobals) = postSolution
		SolutionGuid = {E18A20B1-D797-4C09-9BA0-FACE5147A5BF}
	EndGlobalSection
EndGlobal
