
Microsoft Visual Studio Solution File, Format Version 12.00
# Visual Studio Version 17
VisualStudioVersion = 17.4.33122.133
MinimumVisualStudioVersion = 10.0.40219.1
Project("{FAE04EC0-301F-11D3-BF4B-00C04F79EFBC}") = "ad_d3B", "ad_d3B\ad_d3B.csproj", "{E29AE09B-7E1E-4023-8181-18684AFDD0A2}"
EndProject
Global
	GlobalSection(SolutionConfigurationPlatforms) = preSolution
		Debug|Any CPU = Debug|Any CPU
		Release|Any CPU = Release|Any CPU
	EndGlobalSection
	GlobalSection(ProjectConfigurationPlatforms) = postSolution
		{E29AE09B-7E1E-4023-8181-18684AFDD0A2}.Debug|Any CPU.ActiveCfg = Debug|Any CPU
		{E29AE09B-7E1E-4023-8181-18684AFDD0A2}.Debug|Any CPU.Build.0 = Debug|Any CPU
		{E29AE09B-7E1E-4023-8181-18684AFDD0A2}.Release|Any CPU.ActiveCfg = Release|Any CPU
		{E29AE09B-7E1E-4023-8181-18684AFDD0A2}.Release|Any CPU.Build.0 = Release|Any CPU
	EndGlobalSection
	GlobalSection(SolutionProperties) = preSolution
		HideSolutionNode = FALSE
	EndGlobalSection
	GlobalSection(ExtensibilityGlobals) = postSolution
		SolutionGuid = {DA05CC5F-3991-4114-9648-6C3FCFEA8B28}
	EndGlobalSection
EndGlobal
