
Microsoft Visual Studio Solution File, Format Version 12.00
# Visual Studio Version 17
VisualStudioVersion = 17.4.33122.133
MinimumVisualStudioVersion = 10.0.40219.1
Project("{FAE04EC0-301F-11D3-BF4B-00C04F79EFBC}") = "ad_d6", "ad_d6\ad_d6.csproj", "{8B7B3FC9-0470-4967-8D2D-1FAF77BDCF42}"
EndProject
Global
	GlobalSection(SolutionConfigurationPlatforms) = preSolution
		Debug|Any CPU = Debug|Any CPU
		Release|Any CPU = Release|Any CPU
	EndGlobalSection
	GlobalSection(ProjectConfigurationPlatforms) = postSolution
		{8B7B3FC9-0470-4967-8D2D-1FAF77BDCF42}.Debug|Any CPU.ActiveCfg = Debug|Any CPU
		{8B7B3FC9-0470-4967-8D2D-1FAF77BDCF42}.Debug|Any CPU.Build.0 = Debug|Any CPU
		{8B7B3FC9-0470-4967-8D2D-1FAF77BDCF42}.Release|Any CPU.ActiveCfg = Release|Any CPU
		{8B7B3FC9-0470-4967-8D2D-1FAF77BDCF42}.Release|Any CPU.Build.0 = Release|Any CPU
	EndGlobalSection
	GlobalSection(SolutionProperties) = preSolution
		HideSolutionNode = FALSE
	EndGlobalSection
	GlobalSection(ExtensibilityGlobals) = postSolution
		SolutionGuid = {2D94BB81-2A98-4CB6-BD4E-811792DFA30D}
	EndGlobalSection
EndGlobal
