
Microsoft Visual Studio Solution File, Format Version 12.00
# Visual Studio Version 17
VisualStudioVersion = 17.4.33122.133
MinimumVisualStudioVersion = 10.0.40219.1
Project("{FAE04EC0-301F-11D3-BF4B-00C04F79EFBC}") = "ad_d1", "ad_d1\ad_d1.csproj", "{285FE2BF-FF45-48F2-B517-4FA08500A670}"
EndProject
Global
	GlobalSection(SolutionConfigurationPlatforms) = preSolution
		Debug|Any CPU = Debug|Any CPU
		Release|Any CPU = Release|Any CPU
	EndGlobalSection
	GlobalSection(ProjectConfigurationPlatforms) = postSolution
		{285FE2BF-FF45-48F2-B517-4FA08500A670}.Debug|Any CPU.ActiveCfg = Debug|Any CPU
		{285FE2BF-FF45-48F2-B517-4FA08500A670}.Debug|Any CPU.Build.0 = Debug|Any CPU
		{285FE2BF-FF45-48F2-B517-4FA08500A670}.Release|Any CPU.ActiveCfg = Release|Any CPU
		{285FE2BF-FF45-48F2-B517-4FA08500A670}.Release|Any CPU.Build.0 = Release|Any CPU
	EndGlobalSection
	GlobalSection(SolutionProperties) = preSolution
		HideSolutionNode = FALSE
	EndGlobalSection
	GlobalSection(ExtensibilityGlobals) = postSolution
		SolutionGuid = {C1E42A2D-1C34-4157-8CFE-E3FC10286423}
	EndGlobalSection
EndGlobal
