
Microsoft Visual Studio Solution File, Format Version 12.00
# Visual Studio Version 17
VisualStudioVersion = 17.4.33122.133
MinimumVisualStudioVersion = 10.0.40219.1
Project("{FAE04EC0-301F-11D3-BF4B-00C04F79EFBC}") = "ad_d8", "ad_d8\ad_d8.csproj", "{A9761162-159C-4D0F-A1D1-F59B2C53436D}"
EndProject
Global
	GlobalSection(SolutionConfigurationPlatforms) = preSolution
		Debug|Any CPU = Debug|Any CPU
		Release|Any CPU = Release|Any CPU
	EndGlobalSection
	GlobalSection(ProjectConfigurationPlatforms) = postSolution
		{A9761162-159C-4D0F-A1D1-F59B2C53436D}.Debug|Any CPU.ActiveCfg = Debug|Any CPU
		{A9761162-159C-4D0F-A1D1-F59B2C53436D}.Debug|Any CPU.Build.0 = Debug|Any CPU
		{A9761162-159C-4D0F-A1D1-F59B2C53436D}.Release|Any CPU.ActiveCfg = Release|Any CPU
		{A9761162-159C-4D0F-A1D1-F59B2C53436D}.Release|Any CPU.Build.0 = Release|Any CPU
	EndGlobalSection
	GlobalSection(SolutionProperties) = preSolution
		HideSolutionNode = FALSE
	EndGlobalSection
	GlobalSection(ExtensibilityGlobals) = postSolution
		SolutionGuid = {C27F9A21-C9E3-4529-B4D7-3C0D4BA6FF8D}
	EndGlobalSection
EndGlobal
