
Microsoft Visual Studio Solution File, Format Version 12.00
# Visual Studio Version 17
VisualStudioVersion = 17.4.33122.133
MinimumVisualStudioVersion = 10.0.40219.1
Project("{FAE04EC0-301F-11D3-BF4B-00C04F79EFBC}") = "ad_d10", "ad_d10\ad_d10.csproj", "{9C341D87-96C8-483B-9262-4CD737143585}"
EndProject
Global
	GlobalSection(SolutionConfigurationPlatforms) = preSolution
		Debug|Any CPU = Debug|Any CPU
		Release|Any CPU = Release|Any CPU
	EndGlobalSection
	GlobalSection(ProjectConfigurationPlatforms) = postSolution
		{9C341D87-96C8-483B-9262-4CD737143585}.Debug|Any CPU.ActiveCfg = Debug|Any CPU
		{9C341D87-96C8-483B-9262-4CD737143585}.Debug|Any CPU.Build.0 = Debug|Any CPU
		{9C341D87-96C8-483B-9262-4CD737143585}.Release|Any CPU.ActiveCfg = Release|Any CPU
		{9C341D87-96C8-483B-9262-4CD737143585}.Release|Any CPU.Build.0 = Release|Any CPU
	EndGlobalSection
	GlobalSection(SolutionProperties) = preSolution
		HideSolutionNode = FALSE
	EndGlobalSection
	GlobalSection(ExtensibilityGlobals) = postSolution
		SolutionGuid = {428810E5-0593-491A-A543-82901F780751}
	EndGlobalSection
EndGlobal
